
Microsoft Visual Studio Solution File, Format Version 12.00
# Visual Studio Version 17
VisualStudioVersion = 17.8.34330.188
MinimumVisualStudioVersion = 10.0.40219.1
Project("{9A19103F-16F7-4668-BE54-9A1E7A4F7556}") = "boredBets", "boredBets\boredBets.csproj", "{ED2CDA5D-C4BE-4695-90CB-0411131029ED}"
EndProject
Project("{FAE04EC0-301F-11D3-BF4B-00C04F79EFBC}") = "boredBetsTests", "boredBetsTests\boredBetsTests.csproj", "{8B77D2C2-E56F-459B-BE46-6D3D60E5F638}"
EndProject
Global
	GlobalSection(SolutionConfigurationPlatforms) = preSolution
		Debug|Any CPU = Debug|Any CPU
		Release|Any CPU = Release|Any CPU
	EndGlobalSection
	GlobalSection(ProjectConfigurationPlatforms) = postSolution
		{ED2CDA5D-C4BE-4695-90CB-0411131029ED}.Debug|Any CPU.ActiveCfg = Debug|Any CPU
		{ED2CDA5D-C4BE-4695-90CB-0411131029ED}.Debug|Any CPU.Build.0 = Debug|Any CPU
		{ED2CDA5D-C4BE-4695-90CB-0411131029ED}.Release|Any CPU.ActiveCfg = Release|Any CPU
		{ED2CDA5D-C4BE-4695-90CB-0411131029ED}.Release|Any CPU.Build.0 = Release|Any CPU
		{8B77D2C2-E56F-459B-BE46-6D3D60E5F638}.Debug|Any CPU.ActiveCfg = Debug|Any CPU
		{8B77D2C2-E56F-459B-BE46-6D3D60E5F638}.Debug|Any CPU.Build.0 = Debug|Any CPU
		{8B77D2C2-E56F-459B-BE46-6D3D60E5F638}.Release|Any CPU.ActiveCfg = Release|Any CPU
		{8B77D2C2-E56F-459B-BE46-6D3D60E5F638}.Release|Any CPU.Build.0 = Release|Any CPU
	EndGlobalSection
	GlobalSection(SolutionProperties) = preSolution
		HideSolutionNode = FALSE
	EndGlobalSection
	GlobalSection(ExtensibilityGlobals) = postSolution
		SolutionGuid = {65BF5B8B-D014-472C-BD43-D05CD86ED1B6}
	EndGlobalSection
EndGlobal
